
Microsoft Visual Studio Solution File, Format Version 12.00
Project("{FAE04EC0-301F-11D3-BF4B-00C04F79EFBC}") = "API", "API\API.csproj", "{8389506D-D5AE-41C9-80BD-23A990602C05}"
EndProject
Project("{FAE04EC0-301F-11D3-BF4B-00C04F79EFBC}") = "Application", "Application\Application.csproj", "{FE47351C-C2F8-41EB-BD4D-85A725566797}"
EndProject
Project("{FAE04EC0-301F-11D3-BF4B-00C04F79EFBC}") = "Domain", "Domain\Domain.csproj", "{913686EC-7366-4E97-80CE-539456850EB5}"
EndProject
Project("{FAE04EC0-301F-11D3-BF4B-00C04F79EFBC}") = "Persistence", "Persistence\Persistence.csproj", "{F90FF566-7E26-4BC2-BC07-8C28ED0307A5}"
EndProject
Global
	GlobalSection(SolutionConfigurationPlatforms) = preSolution
		Debug|Any CPU = Debug|Any CPU
		Release|Any CPU = Release|Any CPU
	EndGlobalSection
	GlobalSection(ProjectConfigurationPlatforms) = postSolution
		{8389506D-D5AE-41C9-80BD-23A990602C05}.Debug|Any CPU.ActiveCfg = Debug|Any CPU
		{8389506D-D5AE-41C9-80BD-23A990602C05}.Debug|Any CPU.Build.0 = Debug|Any CPU
		{8389506D-D5AE-41C9-80BD-23A990602C05}.Release|Any CPU.ActiveCfg = Release|Any CPU
		{8389506D-D5AE-41C9-80BD-23A990602C05}.Release|Any CPU.Build.0 = Release|Any CPU
		{FE47351C-C2F8-41EB-BD4D-85A725566797}.Debug|Any CPU.ActiveCfg = Debug|Any CPU
		{FE47351C-C2F8-41EB-BD4D-85A725566797}.Debug|Any CPU.Build.0 = Debug|Any CPU
		{FE47351C-C2F8-41EB-BD4D-85A725566797}.Release|Any CPU.ActiveCfg = Release|Any CPU
		{FE47351C-C2F8-41EB-BD4D-85A725566797}.Release|Any CPU.Build.0 = Release|Any CPU
		{913686EC-7366-4E97-80CE-539456850EB5}.Debug|Any CPU.ActiveCfg = Debug|Any CPU
		{913686EC-7366-4E97-80CE-539456850EB5}.Debug|Any CPU.Build.0 = Debug|Any CPU
		{913686EC-7366-4E97-80CE-539456850EB5}.Release|Any CPU.ActiveCfg = Release|Any CPU
		{913686EC-7366-4E97-80CE-539456850EB5}.Release|Any CPU.Build.0 = Release|Any CPU
		{F90FF566-7E26-4BC2-BC07-8C28ED0307A5}.Debug|Any CPU.ActiveCfg = Debug|Any CPU
		{F90FF566-7E26-4BC2-BC07-8C28ED0307A5}.Debug|Any CPU.Build.0 = Debug|Any CPU
		{F90FF566-7E26-4BC2-BC07-8C28ED0307A5}.Release|Any CPU.ActiveCfg = Release|Any CPU
		{F90FF566-7E26-4BC2-BC07-8C28ED0307A5}.Release|Any CPU.Build.0 = Release|Any CPU
	EndGlobalSection
EndGlobal
